// !$*UTF8*$!
{
	archiveVersion = 1;
	classes = {
	};
	objectVersion = 55;
	objects = {

/* Begin PBXBuildFile section */
		940981FE287C85810011B7F3 /* ProfileTableHeaderView.swift in Sources */ = {isa = PBXBuildFile; fileRef = 940981FD287C85810011B7F3 /* ProfileTableHeaderView.swift */; };
		94098200287C86050011B7F3 /* ProfileTableViewCell.swift in Sources */ = {isa = PBXBuildFile; fileRef = 940981FF287C86050011B7F3 /* ProfileTableViewCell.swift */; };
		94098202287C87A00011B7F3 /* Extension.swift in Sources */ = {isa = PBXBuildFile; fileRef = 94098201287C87A00011B7F3 /* Extension.swift */; };
		94A089072878C4F600D56B91 /* LogInViewController.swift in Sources */ = {isa = PBXBuildFile; fileRef = 94A089062878C4F600D56B91 /* LogInViewController.swift */; };
		94CF9336286ED87900D51B3D /* AppDelegate.swift in Sources */ = {isa = PBXBuildFile; fileRef = 94CF9335286ED87900D51B3D /* AppDelegate.swift */; };
		94CF9338286ED87900D51B3D /* SceneDelegate.swift in Sources */ = {isa = PBXBuildFile; fileRef = 94CF9337286ED87900D51B3D /* SceneDelegate.swift */; };
		94CF933F286ED87D00D51B3D /* Assets.xcassets in Resources */ = {isa = PBXBuildFile; fileRef = 94CF933E286ED87D00D51B3D /* Assets.xcassets */; };
		94CF9342286ED87D00D51B3D /* LaunchScreen.storyboard in Resources */ = {isa = PBXBuildFile; fileRef = 94CF9340286ED87D00D51B3D /* LaunchScreen.storyboard */; };
		94CF934A286EDBDB00D51B3D /* TabBarController.swift in Sources */ = {isa = PBXBuildFile; fileRef = 94CF9349286EDBDB00D51B3D /* TabBarController.swift */; };
		94CF934C286EDC3E00D51B3D /* FeedViewController.swift in Sources */ = {isa = PBXBuildFile; fileRef = 94CF934B286EDC3E00D51B3D /* FeedViewController.swift */; };
		94CF934E286EDC4B00D51B3D /* ProfileViewController.swift in Sources */ = {isa = PBXBuildFile; fileRef = 94CF934D286EDC4B00D51B3D /* ProfileViewController.swift */; };
		94CF9350286EDED200D51B3D /* PostViewController.swift in Sources */ = {isa = PBXBuildFile; fileRef = 94CF934F286EDED200D51B3D /* PostViewController.swift */; };
		94CF9354286EDF3D00D51B3D /* Post.swift in Sources */ = {isa = PBXBuildFile; fileRef = 94CF9353286EDF3D00D51B3D /* Post.swift */; };
		94CF9356286EE02100D51B3D /* InfoViewController.swift in Sources */ = {isa = PBXBuildFile; fileRef = 94CF9355286EE02100D51B3D /* InfoViewController.swift */; };
		94D292782872E09F00A13CFA /* ProfileHeaderView.swift in Sources */ = {isa = PBXBuildFile; fileRef = 94D292772872E09F00A13CFA /* ProfileHeaderView.swift */; };
		94EAFC782881A7FD00D77D94 /* PhotosTableViewCell.swift in Sources */ = {isa = PBXBuildFile; fileRef = 94EAFC772881A7FD00D77D94 /* PhotosTableViewCell.swift */; };
		94EAFC7A2881AB7200D77D94 /* PhotoStorage.swift in Sources */ = {isa = PBXBuildFile; fileRef = 94EAFC792881AB7200D77D94 /* PhotoStorage.swift */; };
		94EAFC7D2881B02400D77D94 /* ProfileCollectionViewCell.swift in Sources */ = {isa = PBXBuildFile; fileRef = 94EAFC7C2881B02400D77D94 /* ProfileCollectionViewCell.swift */; };
		94EAFC7F2881B56700D77D94 /* PhotosViewController.swift in Sources */ = {isa = PBXBuildFile; fileRef = 94EAFC7E2881B56700D77D94 /* PhotosViewController.swift */; };
		94EAFC812881B65F00D77D94 /* PhotosCollectionViewCell.swift in Sources */ = {isa = PBXBuildFile; fileRef = 94EAFC802881B65F00D77D94 /* PhotosCollectionViewCell.swift */; };
/* End PBXBuildFile section */

/* Begin PBXFileReference section */
		940981FD287C85810011B7F3 /* ProfileTableHeaderView.swift */ = {isa = PBXFileReference; lastKnownFileType = sourcecode.swift; path = ProfileTableHeaderView.swift; sourceTree = "<group>"; };
		940981FF287C86050011B7F3 /* ProfileTableViewCell.swift */ = {isa = PBXFileReference; lastKnownFileType = sourcecode.swift; path = ProfileTableViewCell.swift; sourceTree = "<group>"; };
		94098201287C87A00011B7F3 /* Extension.swift */ = {isa = PBXFileReference; lastKnownFileType = sourcecode.swift; path = Extension.swift; sourceTree = "<group>"; };
		94A089062878C4F600D56B91 /* LogInViewController.swift */ = {isa = PBXFileReference; lastKnownFileType = sourcecode.swift; path = LogInViewController.swift; sourceTree = "<group>"; };
		94CF9332286ED87900D51B3D /* Navigation.app */ = {isa = PBXFileReference; explicitFileType = wrapper.application; includeInIndex = 0; path = Navigation.app; sourceTree = BUILT_PRODUCTS_DIR; };
		94CF9335286ED87900D51B3D /* AppDelegate.swift */ = {isa = PBXFileReference; lastKnownFileType = sourcecode.swift; path = AppDelegate.swift; sourceTree = "<group>"; };
		94CF9337286ED87900D51B3D /* SceneDelegate.swift */ = {isa = PBXFileReference; lastKnownFileType = sourcecode.swift; path = SceneDelegate.swift; sourceTree = "<group>"; };
		94CF933E286ED87D00D51B3D /* Assets.xcassets */ = {isa = PBXFileReference; lastKnownFileType = folder.assetcatalog; path = Assets.xcassets; sourceTree = "<group>"; };
		94CF9341286ED87D00D51B3D /* Base */ = {isa = PBXFileReference; lastKnownFileType = file.storyboard; name = Base; path = Base.lproj/LaunchScreen.storyboard; sourceTree = "<group>"; };
		94CF9343286ED87D00D51B3D /* Info.plist */ = {isa = PBXFileReference; lastKnownFileType = text.plist.xml; path = Info.plist; sourceTree = "<group>"; };
		94CF9349286EDBDB00D51B3D /* TabBarController.swift */ = {isa = PBXFileReference; lastKnownFileType = sourcecode.swift; path = TabBarController.swift; sourceTree = "<group>"; };
		94CF934B286EDC3E00D51B3D /* FeedViewController.swift */ = {isa = PBXFileReference; lastKnownFileType = sourcecode.swift; path = FeedViewController.swift; sourceTree = "<group>"; };
		94CF934D286EDC4B00D51B3D /* ProfileViewController.swift */ = {isa = PBXFileReference; lastKnownFileType = sourcecode.swift; path = ProfileViewController.swift; sourceTree = "<group>"; };
		94CF934F286EDED200D51B3D /* PostViewController.swift */ = {isa = PBXFileReference; lastKnownFileType = sourcecode.swift; path = PostViewController.swift; sourceTree = "<group>"; };
		94CF9353286EDF3D00D51B3D /* Post.swift */ = {isa = PBXFileReference; lastKnownFileType = sourcecode.swift; path = Post.swift; sourceTree = "<group>"; };
		94CF9355286EE02100D51B3D /* InfoViewController.swift */ = {isa = PBXFileReference; lastKnownFileType = sourcecode.swift; path = InfoViewController.swift; sourceTree = "<group>"; };
		94D292772872E09F00A13CFA /* ProfileHeaderView.swift */ = {isa = PBXFileReference; lastKnownFileType = sourcecode.swift; path = ProfileHeaderView.swift; sourceTree = "<group>"; };
		94EAFC772881A7FD00D77D94 /* PhotosTableViewCell.swift */ = {isa = PBXFileReference; lastKnownFileType = sourcecode.swift; path = PhotosTableViewCell.swift; sourceTree = "<group>"; };
		94EAFC792881AB7200D77D94 /* PhotoStorage.swift */ = {isa = PBXFileReference; lastKnownFileType = sourcecode.swift; path = PhotoStorage.swift; sourceTree = "<group>"; };
		94EAFC7C2881B02400D77D94 /* ProfileCollectionViewCell.swift */ = {isa = PBXFileReference; lastKnownFileType = sourcecode.swift; path = ProfileCollectionViewCell.swift; sourceTree = "<group>"; };
		94EAFC7E2881B56700D77D94 /* PhotosViewController.swift */ = {isa = PBXFileReference; lastKnownFileType = sourcecode.swift; path = PhotosViewController.swift; sourceTree = "<group>"; };
		94EAFC802881B65F00D77D94 /* PhotosCollectionViewCell.swift */ = {isa = PBXFileReference; lastKnownFileType = sourcecode.swift; path = PhotosCollectionViewCell.swift; sourceTree = "<group>"; };
/* End PBXFileReference section */

/* Begin PBXFrameworksBuildPhase section */
		94CF932F286ED87900D51B3D /* Frameworks */ = {
			isa = PBXFrameworksBuildPhase;
			buildActionMask = 2147483647;
			files = (
			);
			runOnlyForDeploymentPostprocessing = 0;
		};
/* End PBXFrameworksBuildPhase section */

/* Begin PBXGroup section */
		94CF9329286ED87900D51B3D = {
			isa = PBXGroup;
			children = (
				94CF9334286ED87900D51B3D /* Navigation */,
				94CF9333286ED87900D51B3D /* Products */,
			);
			sourceTree = "<group>";
		};
		94CF9333286ED87900D51B3D /* Products */ = {
			isa = PBXGroup;
			children = (
				94CF9332286ED87900D51B3D /* Navigation.app */,
			);
			name = Products;
			sourceTree = "<group>";
		};
		94CF9334286ED87900D51B3D /* Navigation */ = {
			isa = PBXGroup;
			children = (
				94D292762872E07200A13CFA /* Profile */,
				94CF9335286ED87900D51B3D /* AppDelegate.swift */,
				94CF9337286ED87900D51B3D /* SceneDelegate.swift */,
				94CF934B286EDC3E00D51B3D /* FeedViewController.swift */,
				94CF9353286EDF3D00D51B3D /* Post.swift */,
				94CF934F286EDED200D51B3D /* PostViewController.swift */,
				94CF9355286EE02100D51B3D /* InfoViewController.swift */,
				94CF9349286EDBDB00D51B3D /* TabBarController.swift */,
				94CF933E286ED87D00D51B3D /* Assets.xcassets */,
				94CF9340286ED87D00D51B3D /* LaunchScreen.storyboard */,
				94CF9343286ED87D00D51B3D /* Info.plist */,
				94098201287C87A00011B7F3 /* Extension.swift */,
				94EAFC752881A72700D77D94 /* old */,
			);
			path = Navigation;
			sourceTree = "<group>";
		};
		94D292762872E07200A13CFA /* Profile */ = {
			isa = PBXGroup;
			children = (
				94EAFC7B2881ACD800D77D94 /* Auth */,
				94EAFC762881A7D800D77D94 /* Photo */,
				94CF934D286EDC4B00D51B3D /* ProfileViewController.swift */,
				940981FD287C85810011B7F3 /* ProfileTableHeaderView.swift */,
				940981FF287C86050011B7F3 /* ProfileTableViewCell.swift */,
			);
			path = Profile;
			sourceTree = "<group>";
		};
		94EAFC752881A72700D77D94 /* old */ = {
			isa = PBXGroup;
			children = (
				94D292772872E09F00A13CFA /* ProfileHeaderView.swift */,
			);
			path = old;
			sourceTree = "<group>";
		};
		94EAFC762881A7D800D77D94 /* Photo */ = {
			isa = PBXGroup;
			children = (
				94EAFC772881A7FD00D77D94 /* PhotosTableViewCell.swift */,
				94EAFC7C2881B02400D77D94 /* ProfileCollectionViewCell.swift */,
				94EAFC7E2881B56700D77D94 /* PhotosViewController.swift */,
				94EAFC802881B65F00D77D94 /* PhotosCollectionViewCell.swift */,
				94EAFC792881AB7200D77D94 /* PhotoStorage.swift */,
			);
			path = Photo;
			sourceTree = "<group>";
		};
		94EAFC7B2881ACD800D77D94 /* Auth */ = {
			isa = PBXGroup;
			children = (
				94A089062878C4F600D56B91 /* LogInViewController.swift */,
			);
			path = Auth;
			sourceTree = "<group>";
		};
/* End PBXGroup section */

/* Begin PBXNativeTarget section */
		94CF9331286ED87900D51B3D /* Navigation */ = {
			isa = PBXNativeTarget;
			buildConfigurationList = 94CF9346286ED87D00D51B3D /* Build configuration list for PBXNativeTarget "Navigation" */;
			buildPhases = (
				94CF932E286ED87900D51B3D /* Sources */,
				94CF932F286ED87900D51B3D /* Frameworks */,
				94CF9330286ED87900D51B3D /* Resources */,
			);
			buildRules = (
			);
			dependencies = (
			);
			name = Navigation;
			productName = Navigation;
			productReference = 94CF9332286ED87900D51B3D /* Navigation.app */;
			productType = "com.apple.product-type.application";
		};
/* End PBXNativeTarget section */

/* Begin PBXProject section */
		94CF932A286ED87900D51B3D /* Project object */ = {
			isa = PBXProject;
			attributes = {
				BuildIndependentTargetsInParallel = 1;
				LastSwiftUpdateCheck = 1340;
				LastUpgradeCheck = 1340;
				TargetAttributes = {
					94CF9331286ED87900D51B3D = {
						CreatedOnToolsVersion = 13.4.1;
					};
				};
			};
			buildConfigurationList = 94CF932D286ED87900D51B3D /* Build configuration list for PBXProject "Navigation" */;
			compatibilityVersion = "Xcode 13.0";
			developmentRegion = en;
			hasScannedForEncodings = 0;
			knownRegions = (
				en,
				Base,
			);
			mainGroup = 94CF9329286ED87900D51B3D;
			productRefGroup = 94CF9333286ED87900D51B3D /* Products */;
			projectDirPath = "";
			projectRoot = "";
			targets = (
				94CF9331286ED87900D51B3D /* Navigation */,
			);
		};
/* End PBXProject section */

/* Begin PBXResourcesBuildPhase section */
		94CF9330286ED87900D51B3D /* Resources */ = {
			isa = PBXResourcesBuildPhase;
			buildActionMask = 2147483647;
			files = (
				94CF9342286ED87D00D51B3D /* LaunchScreen.storyboard in Resources */,
				94CF933F286ED87D00D51B3D /* Assets.xcassets in Resources */,
			);
			runOnlyForDeploymentPostprocessing = 0;
		};
/* End PBXResourcesBuildPhase section */

/* Begin PBXSourcesBuildPhase section */
		94CF932E286ED87900D51B3D /* Sources */ = {
			isa = PBXSourcesBuildPhase;
			buildActionMask = 2147483647;
			files = (
				94CF9350286EDED200D51B3D /* PostViewController.swift in Sources */,
				94EAFC7F2881B56700D77D94 /* PhotosViewController.swift in Sources */,
				940981FE287C85810011B7F3 /* ProfileTableHeaderView.swift in Sources */,
				94EAFC7D2881B02400D77D94 /* ProfileCollectionViewCell.swift in Sources */,
				94098202287C87A00011B7F3 /* Extension.swift in Sources */,
				94EAFC7A2881AB7200D77D94 /* PhotoStorage.swift in Sources */,
				94CF934A286EDBDB00D51B3D /* TabBarController.swift in Sources */,
				94CF9336286ED87900D51B3D /* AppDelegate.swift in Sources */,
				94CF934E286EDC4B00D51B3D /* ProfileViewController.swift in Sources */,
				94D292782872E09F00A13CFA /* ProfileHeaderView.swift in Sources */,
				94CF934C286EDC3E00D51B3D /* FeedViewController.swift in Sources */,
				94EAFC812881B65F00D77D94 /* PhotosCollectionViewCell.swift in Sources */,
				94EAFC782881A7FD00D77D94 /* PhotosTableViewCell.swift in Sources */,
				94CF9354286EDF3D00D51B3D /* Post.swift in Sources */,
				94CF9356286EE02100D51B3D /* InfoViewController.swift in Sources */,
				94098200287C86050011B7F3 /* ProfileTableViewCell.swift in Sources */,
				94A089072878C4F600D56B91 /* LogInViewController.swift in Sources */,
				94CF9338286ED87900D51B3D /* SceneDelegate.swift in Sources */,
			);
			runOnlyForDeploymentPostprocessing = 0;
		};
/* End PBXSourcesBuildPhase section */

/* Begin PBXVariantGroup section */
		94CF9340286ED87D00D51B3D /* LaunchScreen.storyboard */ = {
			isa = PBXVariantGroup;
			children = (
				94CF9341286ED87D00D51B3D /* Base */,
			);
			name = LaunchScreen.storyboard;
			sourceTree = "<group>";
		};
/* End PBXVariantGroup section */

/* Begin XCBuildConfiguration section */
		94CF9344286ED87D00D51B3D /* Debug */ = {
			isa = XCBuildConfiguration;
			buildSettings = {
				ALWAYS_SEARCH_USER_PATHS = NO;
				CLANG_ANALYZER_NONNULL = YES;
				CLANG_ANALYZER_NUMBER_OBJECT_CONVERSION = YES_AGGRESSIVE;
				CLANG_CXX_LANGUAGE_STANDARD = "gnu++17";
				CLANG_ENABLE_MODULES = YES;
				CLANG_ENABLE_OBJC_ARC = YES;
				CLANG_ENABLE_OBJC_WEAK = YES;
				CLANG_WARN_BLOCK_CAPTURE_AUTORELEASING = YES;
				CLANG_WARN_BOOL_CONVERSION = YES;
				CLANG_WARN_COMMA = YES;
				CLANG_WARN_CONSTANT_CONVERSION = YES;
				CLANG_WARN_DEPRECATED_OBJC_IMPLEMENTATIONS = YES;
				CLANG_WARN_DIRECT_OBJC_ISA_USAGE = YES_ERROR;
				CLANG_WARN_DOCUMENTATION_COMMENTS = YES;
				CLANG_WARN_EMPTY_BODY = YES;
				CLANG_WARN_ENUM_CONVERSION = YES;
				CLANG_WARN_INFINITE_RECURSION = YES;
				CLANG_WARN_INT_CONVERSION = YES;
				CLANG_WARN_NON_LITERAL_NULL_CONVERSION = YES;
				CLANG_WARN_OBJC_IMPLICIT_RETAIN_SELF = YES;
				CLANG_WARN_OBJC_LITERAL_CONVERSION = YES;
				CLANG_WARN_OBJC_ROOT_CLASS = YES_ERROR;
				CLANG_WARN_QUOTED_INCLUDE_IN_FRAMEWORK_HEADER = YES;
				CLANG_WARN_RANGE_LOOP_ANALYSIS = YES;
				CLANG_WARN_STRICT_PROTOTYPES = YES;
				CLANG_WARN_SUSPICIOUS_MOVE = YES;
				CLANG_WARN_UNGUARDED_AVAILABILITY = YES_AGGRESSIVE;
				CLANG_WARN_UNREACHABLE_CODE = YES;
				CLANG_WARN__DUPLICATE_METHOD_MATCH = YES;
				COPY_PHASE_STRIP = NO;
				DEBUG_INFORMATION_FORMAT = dwarf;
				ENABLE_STRICT_OBJC_MSGSEND = YES;
				ENABLE_TESTABILITY = YES;
				GCC_C_LANGUAGE_STANDARD = gnu11;
				GCC_DYNAMIC_NO_PIC = NO;
				GCC_NO_COMMON_BLOCKS = YES;
				GCC_OPTIMIZATION_LEVEL = 0;
				GCC_PREPROCESSOR_DEFINITIONS = (
					"DEBUG=1",
					"$(inherited)",
				);
				GCC_WARN_64_TO_32_BIT_CONVERSION = YES;
				GCC_WARN_ABOUT_RETURN_TYPE = YES_ERROR;
				GCC_WARN_UNDECLARED_SELECTOR = YES;
				GCC_WARN_UNINITIALIZED_AUTOS = YES_AGGRESSIVE;
				GCC_WARN_UNUSED_FUNCTION = YES;
				GCC_WARN_UNUSED_VARIABLE = YES;
				IPHONEOS_DEPLOYMENT_TARGET = 15.5;
				MTL_ENABLE_DEBUG_INFO = INCLUDE_SOURCE;
				MTL_FAST_MATH = YES;
				ONLY_ACTIVE_ARCH = YES;
				SDKROOT = iphoneos;
				SWIFT_ACTIVE_COMPILATION_CONDITIONS = DEBUG;
				SWIFT_OPTIMIZATION_LEVEL = "-Onone";
			};
			name = Debug;
		};
		94CF9345286ED87D00D51B3D /* Release */ = {
			isa = XCBuildConfiguration;
			buildSettings = {
				ALWAYS_SEARCH_USER_PATHS = NO;
				CLANG_ANALYZER_NONNULL = YES;
				CLANG_ANALYZER_NUMBER_OBJECT_CONVERSION = YES_AGGRESSIVE;
				CLANG_CXX_LANGUAGE_STANDARD = "gnu++17";
				CLANG_ENABLE_MODULES = YES;
				CLANG_ENABLE_OBJC_ARC = YES;
				CLANG_ENABLE_OBJC_WEAK = YES;
				CLANG_WARN_BLOCK_CAPTURE_AUTORELEASING = YES;
				CLANG_WARN_BOOL_CONVERSION = YES;
				CLANG_WARN_COMMA = YES;
				CLANG_WARN_CONSTANT_CONVERSION = YES;
				CLANG_WARN_DEPRECATED_OBJC_IMPLEMENTATIONS = YES;
				CLANG_WARN_DIRECT_OBJC_ISA_USAGE = YES_ERROR;
				CLANG_WARN_DOCUMENTATION_COMMENTS = YES;
				CLANG_WARN_EMPTY_BODY = YES;
				CLANG_WARN_ENUM_CONVERSION = YES;
				CLANG_WARN_INFINITE_RECURSION = YES;
				CLANG_WARN_INT_CONVERSION = YES;
				CLANG_WARN_NON_LITERAL_NULL_CONVERSION = YES;
				CLANG_WARN_OBJC_IMPLICIT_RETAIN_SELF = YES;
				CLANG_WARN_OBJC_LITERAL_CONVERSION = YES;
				CLANG_WARN_OBJC_ROOT_CLASS = YES_ERROR;
				CLANG_WARN_QUOTED_INCLUDE_IN_FRAMEWORK_HEADER = YES;
				CLANG_WARN_RANGE_LOOP_ANALYSIS = YES;
				CLANG_WARN_STRICT_PROTOTYPES = YES;
				CLANG_WARN_SUSPICIOUS_MOVE = YES;
				CLANG_WARN_UNGUARDED_AVAILABILITY = YES_AGGRESSIVE;
				CLANG_WARN_UNREACHABLE_CODE = YES;
				CLANG_WARN__DUPLICATE_METHOD_MATCH = YES;
				COPY_PHASE_STRIP = NO;
				DEBUG_INFORMATION_FORMAT = "dwarf-with-dsym";
				ENABLE_NS_ASSERTIONS = NO;
				ENABLE_STRICT_OBJC_MSGSEND = YES;
				GCC_C_LANGUAGE_STANDARD = gnu11;
				GCC_NO_COMMON_BLOCKS = YES;
				GCC_WARN_64_TO_32_BIT_CONVERSION = YES;
				GCC_WARN_ABOUT_RETURN_TYPE = YES_ERROR;
				GCC_WARN_UNDECLARED_SELECTOR = YES;
				GCC_WARN_UNINITIALIZED_AUTOS = YES_AGGRESSIVE;
				GCC_WARN_UNUSED_FUNCTION = YES;
				GCC_WARN_UNUSED_VARIABLE = YES;
				IPHONEOS_DEPLOYMENT_TARGET = 15.5;
				MTL_ENABLE_DEBUG_INFO = NO;
				MTL_FAST_MATH = YES;
				SDKROOT = iphoneos;
				SWIFT_COMPILATION_MODE = wholemodule;
				SWIFT_OPTIMIZATION_LEVEL = "-O";
				VALIDATE_PRODUCT = YES;
			};
			name = Release;
		};
		94CF9347286ED87D00D51B3D /* Debug */ = {
			isa = XCBuildConfiguration;
			buildSettings = {
				ASSETCATALOG_COMPILER_APPICON_NAME = AppIcon;
				ASSETCATALOG_COMPILER_GLOBAL_ACCENT_COLOR_NAME = AccentColor;
				CODE_SIGN_STYLE = Automatic;
				CURRENT_PROJECT_VERSION = 1;
				GENERATE_INFOPLIST_FILE = YES;
				INFOPLIST_FILE = Navigation/Info.plist;
				INFOPLIST_KEY_UIApplicationSupportsIndirectInputEvents = YES;
				INFOPLIST_KEY_UILaunchStoryboardName = LaunchScreen;
				INFOPLIST_KEY_UISupportedInterfaceOrientations_iPad = "UIInterfaceOrientationPortrait UIInterfaceOrientationPortraitUpsideDown UIInterfaceOrientationLandscapeLeft UIInterfaceOrientationLandscapeRight";
				INFOPLIST_KEY_UISupportedInterfaceOrientations_iPhone = "UIInterfaceOrientationPortrait UIInterfaceOrientationLandscapeLeft UIInterfaceOrientationLandscapeRight";
				LD_RUNPATH_SEARCH_PATHS = (
					"$(inherited)",
					"@executable_path/Frameworks",
				);
				MARKETING_VERSION = 1.0;
				PRODUCT_BUNDLE_IDENTIFIER = test.Navigation;
				PRODUCT_NAME = "$(TARGET_NAME)";
				SWIFT_EMIT_LOC_STRINGS = YES;
				SWIFT_VERSION = 5.0;
				TARGETED_DEVICE_FAMILY = "1,2";
			};
			name = Debug;
		};
		94CF9348286ED87D00D51B3D /* Release */ = {
			isa = XCBuildConfiguration;
			buildSettings = {
				ASSETCATALOG_COMPILER_APPICON_NAME = AppIcon;
				ASSETCATALOG_COMPILER_GLOBAL_ACCENT_COLOR_NAME = AccentColor;
				CODE_SIGN_STYLE = Automatic;
				CURRENT_PROJECT_VERSION = 1;
				GENERATE_INFOPLIST_FILE = YES;
				INFOPLIST_FILE = Navigation/Info.plist;
				INFOPLIST_KEY_UIApplicationSupportsIndirectInputEvents = YES;
				INFOPLIST_KEY_UILaunchStoryboardName = LaunchScreen;
				INFOPLIST_KEY_UISupportedInterfaceOrientations_iPad = "UIInterfaceOrientationPortrait UIInterfaceOrientationPortraitUpsideDown UIInterfaceOrientationLandscapeLeft UIInterfaceOrientationLandscapeRight";
				INFOPLIST_KEY_UISupportedInterfaceOrientations_iPhone = "UIInterfaceOrientationPortrait UIInterfaceOrientationLandscapeLeft UIInterfaceOrientationLandscapeRight";
				LD_RUNPATH_SEARCH_PATHS = (
					"$(inherited)",
					"@executable_path/Frameworks",
				);
				MARKETING_VERSION = 1.0;
				PRODUCT_BUNDLE_IDENTIFIER = test.Navigation;
				PRODUCT_NAME = "$(TARGET_NAME)";
				SWIFT_EMIT_LOC_STRINGS = YES;
				SWIFT_VERSION = 5.0;
				TARGETED_DEVICE_FAMILY = "1,2";
			};
			name = Release;
		};
/* End XCBuildConfiguration section */

/* Begin XCConfigurationList section */
		94CF932D286ED87900D51B3D /* Build configuration list for PBXProject "Navigation" */ = {
			isa = XCConfigurationList;
			buildConfigurations = (
				94CF9344286ED87D00D51B3D /* Debug */,
				94CF9345286ED87D00D51B3D /* Release */,
			);
			defaultConfigurationIsVisible = 0;
			defaultConfigurationName = Release;
		};
		94CF9346286ED87D00D51B3D /* Build configuration list for PBXNativeTarget "Navigation" */ = {
			isa = XCConfigurationList;
			buildConfigurations = (
				94CF9347286ED87D00D51B3D /* Debug */,
				94CF9348286ED87D00D51B3D /* Release */,
			);
			defaultConfigurationIsVisible = 0;
			defaultConfigurationName = Release;
		};
/* End XCConfigurationList section */
	};
	rootObject = 94CF932A286ED87900D51B3D /* Project object */;
}
